
Microsoft Visual Studio Solution File, Format Version 12.00
# Visual Studio Version 17
VisualStudioVersion = 17.9.34622.214
MinimumVisualStudioVersion = 10.0.40219.1
Project("{FAE04EC0-301F-11D3-BF4B-00C04F79EFBC}") = "Toy_Hub", "Toy_Hub\Toy_Hub.csproj", "{2EEAD3E0-E756-4CF5-81CC-1737E4F52411}"
EndProject
Global
	GlobalSection(SolutionConfigurationPlatforms) = preSolution
		Debug|Any CPU = Debug|Any CPU
		Release|Any CPU = Release|Any CPU
	EndGlobalSection
	GlobalSection(ProjectConfigurationPlatforms) = postSolution
		{2EEAD3E0-E756-4CF5-81CC-1737E4F52411}.Debug|Any CPU.ActiveCfg = Debug|Any CPU
		{2EEAD3E0-E756-4CF5-81CC-1737E4F52411}.Debug|Any CPU.Build.0 = Debug|Any CPU
		{2EEAD3E0-E756-4CF5-81CC-1737E4F52411}.Release|Any CPU.ActiveCfg = Release|Any CPU
		{2EEAD3E0-E756-4CF5-81CC-1737E4F52411}.Release|Any CPU.Build.0 = Release|Any CPU
	EndGlobalSection
	GlobalSection(SolutionProperties) = preSolution
		HideSolutionNode = FALSE
	EndGlobalSection
	GlobalSection(ExtensibilityGlobals) = postSolution
		SolutionGuid = {C71EB982-DB83-40F0-91FA-50C445ADBAAA}
	EndGlobalSection
EndGlobal
